
Microsoft Visual Studio Solution File, Format Version 12.00
# Visual Studio 14
VisualStudioVersion = 14.0.25420.1
MinimumVisualStudioVersion = 10.0.40219.1
Project("{FAE04EC0-301F-11D3-BF4B-00C04F79EFBC}") = "Algosharp.Sorting", "src\Algosharp.Sorting\Algosharp.Sorting.csproj", "{04E58FFB-5654-4506-BCFB-ADDC532E3F68}"
EndProject
Project("{FAE04EC0-301F-11D3-BF4B-00C04F79EFBC}") = "Algosharp.Sorting.Tests", "tests\Algosharp.Sorting.Tests\Algosharp.Sorting.Tests.csproj", "{747CF56B-B2ED-47A0-8398-145ADF9260D5}"
EndProject
Project("{2150E333-8FDC-42A3-9474-1A3956D46DE8}") = "Tests", "Tests", "{837D93B0-D728-41AA-9305-B204213E20B0}"
EndProject
Project("{FAE04EC0-301F-11D3-BF4B-00C04F79EFBC}") = "Algosharp.Infrastructure", "src\Algosharp.Infrastructure\Algosharp.Infrastructure.csproj", "{0BB05A76-336F-405B-A3D5-439D7763FC4B}"
EndProject
Project("{FAE04EC0-301F-11D3-BF4B-00C04F79EFBC}") = "Algosharp.DataStructures", "src\Algosharp.DataStructures\Algosharp.DataStructures.csproj", "{7BE6CD18-323D-427C-8434-FD8D70267556}"
EndProject
Project("{FAE04EC0-301F-11D3-BF4B-00C04F79EFBC}") = "Algosharp.DataStructures.Tests", "tests\Algosharp.DataStructures.Tests\Algosharp.DataStructures.Tests.csproj", "{80976CF0-EB03-408F-B791-3FD73A68BB12}"
EndProject
Project("{FAE04EC0-301F-11D3-BF4B-00C04F79EFBC}") = "Algosharp.Common", "src\Algosharp.Common\Algosharp.Common.csproj", "{8FA8E3D9-7456-4BB7-8564-FE51E615087D}"
EndProject
Global
	GlobalSection(SolutionConfigurationPlatforms) = preSolution
		Debug|Any CPU = Debug|Any CPU
		Release|Any CPU = Release|Any CPU
	EndGlobalSection
	GlobalSection(ProjectConfigurationPlatforms) = postSolution
		{04E58FFB-5654-4506-BCFB-ADDC532E3F68}.Debug|Any CPU.ActiveCfg = Debug|Any CPU
		{04E58FFB-5654-4506-BCFB-ADDC532E3F68}.Debug|Any CPU.Build.0 = Debug|Any CPU
		{04E58FFB-5654-4506-BCFB-ADDC532E3F68}.Release|Any CPU.ActiveCfg = Release|Any CPU
		{04E58FFB-5654-4506-BCFB-ADDC532E3F68}.Release|Any CPU.Build.0 = Release|Any CPU
		{747CF56B-B2ED-47A0-8398-145ADF9260D5}.Debug|Any CPU.ActiveCfg = Debug|Any CPU
		{747CF56B-B2ED-47A0-8398-145ADF9260D5}.Debug|Any CPU.Build.0 = Debug|Any CPU
		{747CF56B-B2ED-47A0-8398-145ADF9260D5}.Release|Any CPU.ActiveCfg = Release|Any CPU
		{747CF56B-B2ED-47A0-8398-145ADF9260D5}.Release|Any CPU.Build.0 = Release|Any CPU
		{0BB05A76-336F-405B-A3D5-439D7763FC4B}.Debug|Any CPU.ActiveCfg = Debug|Any CPU
		{0BB05A76-336F-405B-A3D5-439D7763FC4B}.Debug|Any CPU.Build.0 = Debug|Any CPU
		{0BB05A76-336F-405B-A3D5-439D7763FC4B}.Release|Any CPU.ActiveCfg = Release|Any CPU
		{0BB05A76-336F-405B-A3D5-439D7763FC4B}.Release|Any CPU.Build.0 = Release|Any CPU
		{7BE6CD18-323D-427C-8434-FD8D70267556}.Debug|Any CPU.ActiveCfg = Debug|Any CPU
		{7BE6CD18-323D-427C-8434-FD8D70267556}.Debug|Any CPU.Build.0 = Debug|Any CPU
		{7BE6CD18-323D-427C-8434-FD8D70267556}.Release|Any CPU.ActiveCfg = Release|Any CPU
		{7BE6CD18-323D-427C-8434-FD8D70267556}.Release|Any CPU.Build.0 = Release|Any CPU
		{80976CF0-EB03-408F-B791-3FD73A68BB12}.Debug|Any CPU.ActiveCfg = Debug|Any CPU
		{80976CF0-EB03-408F-B791-3FD73A68BB12}.Debug|Any CPU.Build.0 = Debug|Any CPU
		{80976CF0-EB03-408F-B791-3FD73A68BB12}.Release|Any CPU.ActiveCfg = Release|Any CPU
		{80976CF0-EB03-408F-B791-3FD73A68BB12}.Release|Any CPU.Build.0 = Release|Any CPU
		{8FA8E3D9-7456-4BB7-8564-FE51E615087D}.Debug|Any CPU.ActiveCfg = Debug|Any CPU
		{8FA8E3D9-7456-4BB7-8564-FE51E615087D}.Debug|Any CPU.Build.0 = Debug|Any CPU
		{8FA8E3D9-7456-4BB7-8564-FE51E615087D}.Release|Any CPU.ActiveCfg = Release|Any CPU
		{8FA8E3D9-7456-4BB7-8564-FE51E615087D}.Release|Any CPU.Build.0 = Release|Any CPU
	EndGlobalSection
	GlobalSection(SolutionProperties) = preSolution
		HideSolutionNode = FALSE
	EndGlobalSection
	GlobalSection(NestedProjects) = preSolution
		{747CF56B-B2ED-47A0-8398-145ADF9260D5} = {837D93B0-D728-41AA-9305-B204213E20B0}
		{80976CF0-EB03-408F-B791-3FD73A68BB12} = {837D93B0-D728-41AA-9305-B204213E20B0}
	EndGlobalSection
EndGlobal
